
Microsoft Visual Studio Solution File, Format Version 12.00
# Visual Studio Version 16
VisualStudioVersion = 16.0.31729.503
MinimumVisualStudioVersion = 10.0.40219.1
Project("{9A19103F-16F7-4668-BE54-9A1E7A4F7556}") = "Tasker", "Tasker\Tasker.csproj", "{CD146621-4624-4AEF-9968-3FFDAFB1B5A4}"
EndProject
Global
	GlobalSection(SolutionConfigurationPlatforms) = preSolution
		Debug|Any CPU = Debug|Any CPU
		Release|Any CPU = Release|Any CPU
	EndGlobalSection
	GlobalSection(ProjectConfigurationPlatforms) = postSolution
		{CD146621-4624-4AEF-9968-3FFDAFB1B5A4}.Debug|Any CPU.ActiveCfg = Debug|Any CPU
		{CD146621-4624-4AEF-9968-3FFDAFB1B5A4}.Debug|Any CPU.Build.0 = Debug|Any CPU
		{CD146621-4624-4AEF-9968-3FFDAFB1B5A4}.Release|Any CPU.ActiveCfg = Release|Any CPU
		{CD146621-4624-4AEF-9968-3FFDAFB1B5A4}.Release|Any CPU.Build.0 = Release|Any CPU
	EndGlobalSection
	GlobalSection(SolutionProperties) = preSolution
		HideSolutionNode = FALSE
	EndGlobalSection
	GlobalSection(ExtensibilityGlobals) = postSolution
		SolutionGuid = {A53B8E56-820F-4236-A4D1-8A795A2338BC}
	EndGlobalSection
EndGlobal
